
Microsoft Visual Studio Solution File, Format Version 12.00
# Visual Studio Version 16
VisualStudioVersion = 16.0.31205.134
MinimumVisualStudioVersion = 10.0.40219.1
Project("{8BC9CEB8-8B4A-11D0-8D11-00A0C91BC942}") = "0623Cpp", "0623Cpp\0623Cpp.vcxproj", "{B34B5DBD-E3AB-4DD7-AB0A-850423539A26}"
EndProject
Project("{8BC9CEB8-8B4A-11D0-8D11-00A0C91BC942}") = "07_STL", "07_STL\07_STL.vcxproj", "{7B0F36D0-2860-41AF-96E3-9580EB8B6D2E}"
EndProject
Global
	GlobalSection(SolutionConfigurationPlatforms) = preSolution
		Debug|x64 = Debug|x64
		Debug|x86 = Debug|x86
		Release|x64 = Release|x64
		Release|x86 = Release|x86
	EndGlobalSection
	GlobalSection(ProjectConfigurationPlatforms) = postSolution
		{B34B5DBD-E3AB-4DD7-AB0A-850423539A26}.Debug|x64.ActiveCfg = Debug|x64
		{B34B5DBD-E3AB-4DD7-AB0A-850423539A26}.Debug|x64.Build.0 = Debug|x64
		{B34B5DBD-E3AB-4DD7-AB0A-850423539A26}.Debug|x86.ActiveCfg = Debug|Win32
		{B34B5DBD-E3AB-4DD7-AB0A-850423539A26}.Debug|x86.Build.0 = Debug|Win32
		{B34B5DBD-E3AB-4DD7-AB0A-850423539A26}.Release|x64.ActiveCfg = Release|x64
		{B34B5DBD-E3AB-4DD7-AB0A-850423539A26}.Release|x64.Build.0 = Release|x64
		{B34B5DBD-E3AB-4DD7-AB0A-850423539A26}.Release|x86.ActiveCfg = Release|Win32
		{B34B5DBD-E3AB-4DD7-AB0A-850423539A26}.Release|x86.Build.0 = Release|Win32
		{7B0F36D0-2860-41AF-96E3-9580EB8B6D2E}.Debug|x64.ActiveCfg = Debug|x64
		{7B0F36D0-2860-41AF-96E3-9580EB8B6D2E}.Debug|x64.Build.0 = Debug|x64
		{7B0F36D0-2860-41AF-96E3-9580EB8B6D2E}.Debug|x86.ActiveCfg = Debug|Win32
		{7B0F36D0-2860-41AF-96E3-9580EB8B6D2E}.Debug|x86.Build.0 = Debug|Win32
		{7B0F36D0-2860-41AF-96E3-9580EB8B6D2E}.Release|x64.ActiveCfg = Release|x64
		{7B0F36D0-2860-41AF-96E3-9580EB8B6D2E}.Release|x64.Build.0 = Release|x64
		{7B0F36D0-2860-41AF-96E3-9580EB8B6D2E}.Release|x86.ActiveCfg = Release|Win32
		{7B0F36D0-2860-41AF-96E3-9580EB8B6D2E}.Release|x86.Build.0 = Release|Win32
	EndGlobalSection
	GlobalSection(SolutionProperties) = preSolution
		HideSolutionNode = FALSE
	EndGlobalSection
	GlobalSection(ExtensibilityGlobals) = postSolution
		SolutionGuid = {4C0622D3-211C-4AB6-A7BA-591C4263B069}
	EndGlobalSection
EndGlobal
